
Microsoft Visual Studio Solution File, Format Version 12.00
# Visual Studio Version 17
VisualStudioVersion = 17.14.37012.4 d17.14
MinimumVisualStudioVersion = 10.0.40219.1
Project("{8BC9CEB8-8B4A-11D0-8D11-00A0C91BC942}") = "机房预约系统", "机房预约系统.vcxproj", "{A92ED6EA-F995-4A7D-B6AD-1ECA51C0A51D}"
EndProject
Global
	GlobalSection(SolutionConfigurationPlatforms) = preSolution
		Debug|x64 = Debug|x64
		Debug|x86 = Debug|x86
		Release|x64 = Release|x64
		Release|x86 = Release|x86
	EndGlobalSection
	GlobalSection(ProjectConfigurationPlatforms) = postSolution
		{A92ED6EA-F995-4A7D-B6AD-1ECA51C0A51D}.Debug|x64.ActiveCfg = Debug|x64
		{A92ED6EA-F995-4A7D-B6AD-1ECA51C0A51D}.Debug|x64.Build.0 = Debug|x64
		{A92ED6EA-F995-4A7D-B6AD-1ECA51C0A51D}.Debug|x86.ActiveCfg = Debug|Win32
		{A92ED6EA-F995-4A7D-B6AD-1ECA51C0A51D}.Debug|x86.Build.0 = Debug|Win32
		{A92ED6EA-F995-4A7D-B6AD-1ECA51C0A51D}.Release|x64.ActiveCfg = Release|x64
		{A92ED6EA-F995-4A7D-B6AD-1ECA51C0A51D}.Release|x64.Build.0 = Release|x64
		{A92ED6EA-F995-4A7D-B6AD-1ECA51C0A51D}.Release|x86.ActiveCfg = Release|Win32
		{A92ED6EA-F995-4A7D-B6AD-1ECA51C0A51D}.Release|x86.Build.0 = Release|Win32
	EndGlobalSection
	GlobalSection(SolutionProperties) = preSolution
		HideSolutionNode = FALSE
	EndGlobalSection
	GlobalSection(ExtensibilityGlobals) = postSolution
		SolutionGuid = {E11312AC-14CC-4CA1-9FBB-8E3212A15E06}
	EndGlobalSection
EndGlobal
